
Microsoft Visual Studio Solution File, Format Version 10.00
# Visual Studio 2008
Project("{FAE04EC0-301F-11D3-BF4B-00C04F79EFBC}") = "NerdDinner", "NerdDinner\NerdDinner.csproj", "{6E02282F-2A73-42FB-9993-961650AEAD3C}"
EndProject
Project("{FAE04EC0-301F-11D3-BF4B-00C04F79EFBC}") = "NerdDinner.Tests", "NerdDinner.Tests\NerdDinner.Tests.csproj", "{9547BB24-61DD-408C-A216-FA60B65C9D58}"
EndProject
Global
	GlobalSection(SolutionConfigurationPlatforms) = preSolution
		Debug|Any CPU = Debug|Any CPU
		Release|Any CPU = Release|Any CPU
	EndGlobalSection
	GlobalSection(ProjectConfigurationPlatforms) = postSolution
		{6E02282F-2A73-42FB-9993-961650AEAD3C}.Debug|Any CPU.ActiveCfg = Debug|Any CPU
		{6E02282F-2A73-42FB-9993-961650AEAD3C}.Debug|Any CPU.Build.0 = Debug|Any CPU
		{6E02282F-2A73-42FB-9993-961650AEAD3C}.Release|Any CPU.ActiveCfg = Release|Any CPU
		{6E02282F-2A73-42FB-9993-961650AEAD3C}.Release|Any CPU.Build.0 = Release|Any CPU
		{9547BB24-61DD-408C-A216-FA60B65C9D58}.Debug|Any CPU.ActiveCfg = Debug|Any CPU
		{9547BB24-61DD-408C-A216-FA60B65C9D58}.Debug|Any CPU.Build.0 = Debug|Any CPU
		{9547BB24-61DD-408C-A216-FA60B65C9D58}.Release|Any CPU.ActiveCfg = Release|Any CPU
		{9547BB24-61DD-408C-A216-FA60B65C9D58}.Release|Any CPU.Build.0 = Release|Any CPU
	EndGlobalSection
	GlobalSection(SolutionProperties) = preSolution
		HideSolutionNode = FALSE
	EndGlobalSection
EndGlobal
